
Microsoft Visual Studio Solution File, Format Version 12.00
# Visual Studio Version 17
VisualStudioVersion = 17.13.35931.197 d17.13
MinimumVisualStudioVersion = 10.0.40219.1
Project("{FAE04EC0-301F-11D3-BF4B-00C04F79EFBC}") = "GetNews.API", "GetNews.API\GetNews.API.csproj", "{8445D215-0250-4ECA-9702-D6F63EA5CAAB}"
EndProject
Project("{FAE04EC0-301F-11D3-BF4B-00C04F79EFBC}") = "GetNews.Core", "GetNews.Core\GetNews.Core.csproj", "{012FD169-F7E6-4498-8420-E272F81DC2F4}"
EndProject
Project("{FAE04EC0-301F-11D3-BF4B-00C04F79EFBC}") = "GetNews.Core.Test", "GetNews.Core.Test\GetNews.Core.Test.csproj", "{F02C11B4-F771-4DF1-B5DF-E34EF3C02453}"
EndProject
Global
	GlobalSection(SolutionConfigurationPlatforms) = preSolution
		Debug|Any CPU = Debug|Any CPU
		Release|Any CPU = Release|Any CPU
	EndGlobalSection
	GlobalSection(ProjectConfigurationPlatforms) = postSolution
		{8445D215-0250-4ECA-9702-D6F63EA5CAAB}.Debug|Any CPU.ActiveCfg = Debug|Any CPU
		{8445D215-0250-4ECA-9702-D6F63EA5CAAB}.Debug|Any CPU.Build.0 = Debug|Any CPU
		{8445D215-0250-4ECA-9702-D6F63EA5CAAB}.Release|Any CPU.ActiveCfg = Release|Any CPU
		{8445D215-0250-4ECA-9702-D6F63EA5CAAB}.Release|Any CPU.Build.0 = Release|Any CPU
		{012FD169-F7E6-4498-8420-E272F81DC2F4}.Debug|Any CPU.ActiveCfg = Debug|Any CPU
		{012FD169-F7E6-4498-8420-E272F81DC2F4}.Debug|Any CPU.Build.0 = Debug|Any CPU
		{012FD169-F7E6-4498-8420-E272F81DC2F4}.Release|Any CPU.ActiveCfg = Release|Any CPU
		{012FD169-F7E6-4498-8420-E272F81DC2F4}.Release|Any CPU.Build.0 = Release|Any CPU
		{F02C11B4-F771-4DF1-B5DF-E34EF3C02453}.Debug|Any CPU.ActiveCfg = Debug|Any CPU
		{F02C11B4-F771-4DF1-B5DF-E34EF3C02453}.Debug|Any CPU.Build.0 = Debug|Any CPU
		{F02C11B4-F771-4DF1-B5DF-E34EF3C02453}.Release|Any CPU.ActiveCfg = Release|Any CPU
		{F02C11B4-F771-4DF1-B5DF-E34EF3C02453}.Release|Any CPU.Build.0 = Release|Any CPU
	EndGlobalSection
	GlobalSection(SolutionProperties) = preSolution
		HideSolutionNode = FALSE
	EndGlobalSection
	GlobalSection(ExtensibilityGlobals) = postSolution
		SolutionGuid = {9B53F264-9D7D-4668-8581-D6628515FFE6}
	EndGlobalSection
EndGlobal
